// !$*UTF8*$!
{
	archiveVersion = 1;
	classes = {
	};
	objectVersion = 56;
	objects = {

/* Begin PBXBuildFile section */
		AB193C0429E1FF7B00365AA5 /* Hiplatelics.swift in Sources */ = {isa = PBXBuildFile; fileRef = AB193C0329E1FF7B00365AA5 /* Hiplatelics.swift */; };
		AB193C0629E1FF7B00365AA5 /* ContentView.swift in Sources */ = {isa = PBXBuildFile; fileRef = AB193C0529E1FF7B00365AA5 /* ContentView.swift */; };
		AB193C0829E1FF7C00365AA5 /* Assets.xcassets in Resources */ = {isa = PBXBuildFile; fileRef = AB193C0729E1FF7C00365AA5 /* Assets.xcassets */; };
		AB193C0B29E1FF7C00365AA5 /* Preview Assets.xcassets in Resources */ = {isa = PBXBuildFile; fileRef = AB193C0A29E1FF7C00365AA5 /* Preview Assets.xcassets */; };
		AB193C1629E2071F00365AA5 /* README.md in Resources */ = {isa = PBXBuildFile; fileRef = AB193C1529E2071F00365AA5 /* README.md */; };
		AB193C1829E2082800365AA5 /* WelcomeScreen.swift in Sources */ = {isa = PBXBuildFile; fileRef = AB193C1729E2082800365AA5 /* WelcomeScreen.swift */; };
		AB193C1A29E20AC500365AA5 /* TextViews.swift in Sources */ = {isa = PBXBuildFile; fileRef = AB193C1929E20AC500365AA5 /* TextViews.swift */; };
		AB193C1D29E21A5900365AA5 /* Stamp.swift in Sources */ = {isa = PBXBuildFile; fileRef = AB193C1C29E21A5900365AA5 /* Stamp.swift */; };
		AB193C1F29E21A7E00365AA5 /* Constants.swift in Sources */ = {isa = PBXBuildFile; fileRef = AB193C1E29E21A7E00365AA5 /* Constants.swift */; };
		AB193C2129E21DE000365AA5 /* RoundedViews.swift in Sources */ = {isa = PBXBuildFile; fileRef = AB193C2029E21DE000365AA5 /* RoundedViews.swift */; };
		AB193C2329E3230600365AA5 /* OnboardingScreenView.swift in Sources */ = {isa = PBXBuildFile; fileRef = AB193C2229E3230600365AA5 /* OnboardingScreenView.swift */; };
		AB2D19AB29F74430007C8394 /* DiscountTypeView.swift in Sources */ = {isa = PBXBuildFile; fileRef = AB2D19AA29F74430007C8394 /* DiscountTypeView.swift */; };
/* End PBXBuildFile section */

/* Begin PBXFileReference section */
		AB193C0029E1FF7B00365AA5 /* Hiplatelics.app */ = {isa = PBXFileReference; explicitFileType = wrapper.application; includeInIndex = 0; path = Hiplatelics.app; sourceTree = BUILT_PRODUCTS_DIR; };
		AB193C0329E1FF7B00365AA5 /* Hiplatelics.swift */ = {isa = PBXFileReference; lastKnownFileType = sourcecode.swift; path = Hiplatelics.swift; sourceTree = "<group>"; };
		AB193C0529E1FF7B00365AA5 /* ContentView.swift */ = {isa = PBXFileReference; lastKnownFileType = sourcecode.swift; path = ContentView.swift; sourceTree = "<group>"; };
		AB193C0729E1FF7C00365AA5 /* Assets.xcassets */ = {isa = PBXFileReference; lastKnownFileType = folder.assetcatalog; path = Assets.xcassets; sourceTree = "<group>"; };
		AB193C0A29E1FF7C00365AA5 /* Preview Assets.xcassets */ = {isa = PBXFileReference; lastKnownFileType = folder.assetcatalog; path = "Preview Assets.xcassets"; sourceTree = "<group>"; };
		AB193C1529E2071F00365AA5 /* README.md */ = {isa = PBXFileReference; fileEncoding = 4; lastKnownFileType = net.daringfireball.markdown; path = README.md; sourceTree = "<group>"; };
		AB193C1729E2082800365AA5 /* WelcomeScreen.swift */ = {isa = PBXFileReference; lastKnownFileType = sourcecode.swift; path = WelcomeScreen.swift; sourceTree = "<group>"; };
		AB193C1929E20AC500365AA5 /* TextViews.swift */ = {isa = PBXFileReference; lastKnownFileType = sourcecode.swift; path = TextViews.swift; sourceTree = "<group>"; };
		AB193C1C29E21A5900365AA5 /* Stamp.swift */ = {isa = PBXFileReference; lastKnownFileType = sourcecode.swift; path = Stamp.swift; sourceTree = "<group>"; };
		AB193C1E29E21A7E00365AA5 /* Constants.swift */ = {isa = PBXFileReference; lastKnownFileType = sourcecode.swift; path = Constants.swift; sourceTree = "<group>"; };
		AB193C2029E21DE000365AA5 /* RoundedViews.swift */ = {isa = PBXFileReference; lastKnownFileType = sourcecode.swift; path = RoundedViews.swift; sourceTree = "<group>"; };
		AB193C2229E3230600365AA5 /* OnboardingScreenView.swift */ = {isa = PBXFileReference; lastKnownFileType = sourcecode.swift; path = OnboardingScreenView.swift; sourceTree = "<group>"; };
		AB2D198D29F6F167007C8394 /* W3_Homework_Assignment.playground */ = {isa = PBXFileReference; lastKnownFileType = file.playground; path = W3_Homework_Assignment.playground; sourceTree = "<group>"; xcLanguageSpecificationIdentifier = xcode.lang.swift; };
		AB2D19AA29F74430007C8394 /* DiscountTypeView.swift */ = {isa = PBXFileReference; lastKnownFileType = sourcecode.swift; path = DiscountTypeView.swift; sourceTree = "<group>"; };
		ABA0021D29E9D18D007A0001 /* dataCollectionPlayground.playground */ = {isa = PBXFileReference; lastKnownFileType = file.playground; path = dataCollectionPlayground.playground; sourceTree = "<group>"; xcLanguageSpecificationIdentifier = xcode.lang.swift; };
/* End PBXFileReference section */

/* Begin PBXFrameworksBuildPhase section */
		AB193BFD29E1FF7B00365AA5 /* Frameworks */ = {
			isa = PBXFrameworksBuildPhase;
			buildActionMask = 2147483647;
			files = (
			);
			runOnlyForDeploymentPostprocessing = 0;
		};
/* End PBXFrameworksBuildPhase section */

/* Begin PBXGroup section */
		AB193BF729E1FF7B00365AA5 = {
			isa = PBXGroup;
			children = (
				AB193C1529E2071F00365AA5 /* README.md */,
				AB193C0229E1FF7B00365AA5 /* PatelDLTGroupStamps */,
				AB193C0129E1FF7B00365AA5 /* Products */,
			);
			sourceTree = "<group>";
		};
		AB193C0129E1FF7B00365AA5 /* Products */ = {
			isa = PBXGroup;
			children = (
				AB193C0029E1FF7B00365AA5 /* Hiplatelics.app */,
			);
			name = Products;
			sourceTree = "<group>";
		};
		AB193C0229E1FF7B00365AA5 /* PatelDLTGroupStamps */ = {
			isa = PBXGroup;
			children = (
				ABA0021E29E9D3C3007A0001 /* App Resources */,
				AB193C1429E2070800365AA5 /* App */,
				AB193C1329E206D800365AA5 /* Views */,
				ABA0021C29E9D06B007A0001 /* hiplatelics_playground */,
				AB193C1B29E21A2C00365AA5 /* Models */,
				AB193C0929E1FF7C00365AA5 /* Preview Content */,
			);
			path = PatelDLTGroupStamps;
			sourceTree = "<group>";
		};
		AB193C0929E1FF7C00365AA5 /* Preview Content */ = {
			isa = PBXGroup;
			children = (
				AB193C0A29E1FF7C00365AA5 /* Preview Assets.xcassets */,
			);
			path = "Preview Content";
			sourceTree = "<group>";
		};
		AB193C1329E206D800365AA5 /* Views */ = {
			isa = PBXGroup;
			children = (
				AB193C0529E1FF7B00365AA5 /* ContentView.swift */,
				AB193C1729E2082800365AA5 /* WelcomeScreen.swift */,
				AB193C1929E20AC500365AA5 /* TextViews.swift */,
				AB193C2029E21DE000365AA5 /* RoundedViews.swift */,
				AB193C2229E3230600365AA5 /* OnboardingScreenView.swift */,
				AB2D19AA29F74430007C8394 /* DiscountTypeView.swift */,
			);
			path = Views;
			sourceTree = "<group>";
		};
		AB193C1429E2070800365AA5 /* App */ = {
			isa = PBXGroup;
			children = (
				AB193C0329E1FF7B00365AA5 /* Hiplatelics.swift */,
				AB193C0729E1FF7C00365AA5 /* Assets.xcassets */,
			);
			path = App;
			sourceTree = "<group>";
		};
		AB193C1B29E21A2C00365AA5 /* Models */ = {
			isa = PBXGroup;
			children = (
				AB193C1C29E21A5900365AA5 /* Stamp.swift */,
				AB193C1E29E21A7E00365AA5 /* Constants.swift */,
			);
			path = Models;
			sourceTree = "<group>";
		};
		ABA0021C29E9D06B007A0001 /* hiplatelics_playground */ = {
			isa = PBXGroup;
			children = (
				ABA0021D29E9D18D007A0001 /* dataCollectionPlayground.playground */,
			);
			path = hiplatelics_playground;
			sourceTree = "<group>";
		};
		ABA0021E29E9D3C3007A0001 /* App Resources */ = {
			isa = PBXGroup;
			children = (
				AB2D198D29F6F167007C8394 /* W3_Homework_Assignment.playground */,
			);
			path = "App Resources";
			sourceTree = "<group>";
		};
/* End PBXGroup section */

/* Begin PBXNativeTarget section */
		AB193BFF29E1FF7B00365AA5 /* Hiplatelics */ = {
			isa = PBXNativeTarget;
			buildConfigurationList = AB193C0E29E1FF7C00365AA5 /* Build configuration list for PBXNativeTarget "Hiplatelics" */;
			buildPhases = (
				AB193BFC29E1FF7B00365AA5 /* Sources */,
				AB193BFD29E1FF7B00365AA5 /* Frameworks */,
				AB193BFE29E1FF7B00365AA5 /* Resources */,
			);
			buildRules = (
			);
			dependencies = (
			);
			name = Hiplatelics;
			productName = PatelDLTGroupStamps;
			productReference = AB193C0029E1FF7B00365AA5 /* Hiplatelics.app */;
			productType = "com.apple.product-type.application";
		};
/* End PBXNativeTarget section */

/* Begin PBXProject section */
		AB193BF829E1FF7B00365AA5 /* Project object */ = {
			isa = PBXProject;
			attributes = {
				BuildIndependentTargetsInParallel = 1;
				LastSwiftUpdateCheck = 1430;
				LastUpgradeCheck = 1430;
				TargetAttributes = {
					AB193BFF29E1FF7B00365AA5 = {
						CreatedOnToolsVersion = 14.3;
					};
				};
			};
			buildConfigurationList = AB193BFB29E1FF7B00365AA5 /* Build configuration list for PBXProject "Hiplatelics" */;
			compatibilityVersion = "Xcode 14.0";
			developmentRegion = en;
			hasScannedForEncodings = 0;
			knownRegions = (
				en,
				Base,
			);
			mainGroup = AB193BF729E1FF7B00365AA5;
			productRefGroup = AB193C0129E1FF7B00365AA5 /* Products */;
			projectDirPath = "";
			projectRoot = "";
			targets = (
				AB193BFF29E1FF7B00365AA5 /* Hiplatelics */,
			);
		};
/* End PBXProject section */

/* Begin PBXResourcesBuildPhase section */
		AB193BFE29E1FF7B00365AA5 /* Resources */ = {
			isa = PBXResourcesBuildPhase;
			buildActionMask = 2147483647;
			files = (
				AB193C1629E2071F00365AA5 /* README.md in Resources */,
				AB193C0B29E1FF7C00365AA5 /* Preview Assets.xcassets in Resources */,
				AB193C0829E1FF7C00365AA5 /* Assets.xcassets in Resources */,
			);
			runOnlyForDeploymentPostprocessing = 0;
		};
/* End PBXResourcesBuildPhase section */

/* Begin PBXSourcesBuildPhase section */
		AB193BFC29E1FF7B00365AA5 /* Sources */ = {
			isa = PBXSourcesBuildPhase;
			buildActionMask = 2147483647;
			files = (
				AB193C1829E2082800365AA5 /* WelcomeScreen.swift in Sources */,
				AB193C1A29E20AC500365AA5 /* TextViews.swift in Sources */,
				AB193C0629E1FF7B00365AA5 /* ContentView.swift in Sources */,
				AB193C2329E3230600365AA5 /* OnboardingScreenView.swift in Sources */,
				AB2D19AB29F74430007C8394 /* DiscountTypeView.swift in Sources */,
				AB193C0429E1FF7B00365AA5 /* Hiplatelics.swift in Sources */,
				AB193C2129E21DE000365AA5 /* RoundedViews.swift in Sources */,
				AB193C1D29E21A5900365AA5 /* Stamp.swift in Sources */,
				AB193C1F29E21A7E00365AA5 /* Constants.swift in Sources */,
			);
			runOnlyForDeploymentPostprocessing = 0;
		};
/* End PBXSourcesBuildPhase section */

/* Begin XCBuildConfiguration section */
		AB193C0C29E1FF7C00365AA5 /* Debug */ = {
			isa = XCBuildConfiguration;
			buildSettings = {
				ALWAYS_SEARCH_USER_PATHS = NO;
				CLANG_ANALYZER_NONNULL = YES;
				CLANG_ANALYZER_NUMBER_OBJECT_CONVERSION = YES_AGGRESSIVE;
				CLANG_CXX_LANGUAGE_STANDARD = "gnu++20";
				CLANG_ENABLE_MODULES = YES;
				CLANG_ENABLE_OBJC_ARC = YES;
				CLANG_ENABLE_OBJC_WEAK = YES;
				CLANG_WARN_BLOCK_CAPTURE_AUTORELEASING = YES;
				CLANG_WARN_BOOL_CONVERSION = YES;
				CLANG_WARN_COMMA = YES;
				CLANG_WARN_CONSTANT_CONVERSION = YES;
				CLANG_WARN_DEPRECATED_OBJC_IMPLEMENTATIONS = YES;
				CLANG_WARN_DIRECT_OBJC_ISA_USAGE = YES_ERROR;
				CLANG_WARN_DOCUMENTATION_COMMENTS = YES;
				CLANG_WARN_EMPTY_BODY = YES;
				CLANG_WARN_ENUM_CONVERSION = YES;
				CLANG_WARN_INFINITE_RECURSION = YES;
				CLANG_WARN_INT_CONVERSION = YES;
				CLANG_WARN_NON_LITERAL_NULL_CONVERSION = YES;
				CLANG_WARN_OBJC_IMPLICIT_RETAIN_SELF = YES;
				CLANG_WARN_OBJC_LITERAL_CONVERSION = YES;
				CLANG_WARN_OBJC_ROOT_CLASS = YES_ERROR;
				CLANG_WARN_QUOTED_INCLUDE_IN_FRAMEWORK_HEADER = YES;
				CLANG_WARN_RANGE_LOOP_ANALYSIS = YES;
				CLANG_WARN_STRICT_PROTOTYPES = YES;
				CLANG_WARN_SUSPICIOUS_MOVE = YES;
				CLANG_WARN_UNGUARDED_AVAILABILITY = YES_AGGRESSIVE;
				CLANG_WARN_UNREACHABLE_CODE = YES;
				CLANG_WARN__DUPLICATE_METHOD_MATCH = YES;
				COPY_PHASE_STRIP = NO;
				DEBUG_INFORMATION_FORMAT = dwarf;
				ENABLE_STRICT_OBJC_MSGSEND = YES;
				ENABLE_TESTABILITY = YES;
				GCC_C_LANGUAGE_STANDARD = gnu11;
				GCC_DYNAMIC_NO_PIC = NO;
				GCC_NO_COMMON_BLOCKS = YES;
				GCC_OPTIMIZATION_LEVEL = 0;
				GCC_PREPROCESSOR_DEFINITIONS = (
					"DEBUG=1",
					"$(inherited)",
				);
				GCC_WARN_64_TO_32_BIT_CONVERSION = YES;
				GCC_WARN_ABOUT_RETURN_TYPE = YES_ERROR;
				GCC_WARN_UNDECLARED_SELECTOR = YES;
				GCC_WARN_UNINITIALIZED_AUTOS = YES_AGGRESSIVE;
				GCC_WARN_UNUSED_FUNCTION = YES;
				GCC_WARN_UNUSED_VARIABLE = YES;
				IPHONEOS_DEPLOYMENT_TARGET = 16.4;
				MTL_ENABLE_DEBUG_INFO = INCLUDE_SOURCE;
				MTL_FAST_MATH = YES;
				ONLY_ACTIVE_ARCH = YES;
				SDKROOT = iphoneos;
				SWIFT_ACTIVE_COMPILATION_CONDITIONS = DEBUG;
				SWIFT_OPTIMIZATION_LEVEL = "-Onone";
			};
			name = Debug;
		};
		AB193C0D29E1FF7C00365AA5 /* Release */ = {
			isa = XCBuildConfiguration;
			buildSettings = {
				ALWAYS_SEARCH_USER_PATHS = NO;
				CLANG_ANALYZER_NONNULL = YES;
				CLANG_ANALYZER_NUMBER_OBJECT_CONVERSION = YES_AGGRESSIVE;
				CLANG_CXX_LANGUAGE_STANDARD = "gnu++20";
				CLANG_ENABLE_MODULES = YES;
				CLANG_ENABLE_OBJC_ARC = YES;
				CLANG_ENABLE_OBJC_WEAK = YES;
				CLANG_WARN_BLOCK_CAPTURE_AUTORELEASING = YES;
				CLANG_WARN_BOOL_CONVERSION = YES;
				CLANG_WARN_COMMA = YES;
				CLANG_WARN_CONSTANT_CONVERSION = YES;
				CLANG_WARN_DEPRECATED_OBJC_IMPLEMENTATIONS = YES;
				CLANG_WARN_DIRECT_OBJC_ISA_USAGE = YES_ERROR;
				CLANG_WARN_DOCUMENTATION_COMMENTS = YES;
				CLANG_WARN_EMPTY_BODY = YES;
				CLANG_WARN_ENUM_CONVERSION = YES;
				CLANG_WARN_INFINITE_RECURSION = YES;
				CLANG_WARN_INT_CONVERSION = YES;
				CLANG_WARN_NON_LITERAL_NULL_CONVERSION = YES;
				CLANG_WARN_OBJC_IMPLICIT_RETAIN_SELF = YES;
				CLANG_WARN_OBJC_LITERAL_CONVERSION = YES;
				CLANG_WARN_OBJC_ROOT_CLASS = YES_ERROR;
				CLANG_WARN_QUOTED_INCLUDE_IN_FRAMEWORK_HEADER = YES;
				CLANG_WARN_RANGE_LOOP_ANALYSIS = YES;
				CLANG_WARN_STRICT_PROTOTYPES = YES;
				CLANG_WARN_SUSPICIOUS_MOVE = YES;
				CLANG_WARN_UNGUARDED_AVAILABILITY = YES_AGGRESSIVE;
				CLANG_WARN_UNREACHABLE_CODE = YES;
				CLANG_WARN__DUPLICATE_METHOD_MATCH = YES;
				COPY_PHASE_STRIP = NO;
				DEBUG_INFORMATION_FORMAT = "dwarf-with-dsym";
				ENABLE_NS_ASSERTIONS = NO;
				ENABLE_STRICT_OBJC_MSGSEND = YES;
				GCC_C_LANGUAGE_STANDARD = gnu11;
				GCC_NO_COMMON_BLOCKS = YES;
				GCC_WARN_64_TO_32_BIT_CONVERSION = YES;
				GCC_WARN_ABOUT_RETURN_TYPE = YES_ERROR;
				GCC_WARN_UNDECLARED_SELECTOR = YES;
				GCC_WARN_UNINITIALIZED_AUTOS = YES_AGGRESSIVE;
				GCC_WARN_UNUSED_FUNCTION = YES;
				GCC_WARN_UNUSED_VARIABLE = YES;
				IPHONEOS_DEPLOYMENT_TARGET = 16.4;
				MTL_ENABLE_DEBUG_INFO = NO;
				MTL_FAST_MATH = YES;
				SDKROOT = iphoneos;
				SWIFT_COMPILATION_MODE = wholemodule;
				SWIFT_OPTIMIZATION_LEVEL = "-O";
				VALIDATE_PRODUCT = YES;
			};
			name = Release;
		};
		AB193C0F29E1FF7C00365AA5 /* Debug */ = {
			isa = XCBuildConfiguration;
			buildSettings = {
				ASSETCATALOG_COMPILER_APPICON_NAME = AppIcon;
				ASSETCATALOG_COMPILER_GLOBAL_ACCENT_COLOR_NAME = AccentColor;
				CODE_SIGN_STYLE = Automatic;
				CURRENT_PROJECT_VERSION = 1;
				DEVELOPMENT_ASSET_PATHS = "\"PatelDLTGroupStamps/Preview Content\"";
				DEVELOPMENT_TEAM = 46XAGWCJPW;
				ENABLE_PREVIEWS = YES;
				GENERATE_INFOPLIST_FILE = YES;
				INFOPLIST_KEY_CFBundleDisplayName = Hiplatelics;
				INFOPLIST_KEY_UIApplicationSceneManifest_Generation = YES;
				INFOPLIST_KEY_UIApplicationSupportsIndirectInputEvents = YES;
				INFOPLIST_KEY_UILaunchScreen_Generation = YES;
				INFOPLIST_KEY_UISupportedInterfaceOrientations_iPad = "UIInterfaceOrientationPortrait UIInterfaceOrientationPortraitUpsideDown UIInterfaceOrientationLandscapeLeft UIInterfaceOrientationLandscapeRight";
				INFOPLIST_KEY_UISupportedInterfaceOrientations_iPhone = "UIInterfaceOrientationPortrait UIInterfaceOrientationLandscapeLeft UIInterfaceOrientationLandscapeRight";
				LD_RUNPATH_SEARCH_PATHS = (
					"$(inherited)",
					"@executable_path/Frameworks",
				);
				MARKETING_VERSION = 1.0;
				PRODUCT_BUNDLE_IDENTIFIER = "Crus-Technologies.PatelDLTGroupStamps";
				PRODUCT_NAME = "$(TARGET_NAME)";
				SWIFT_EMIT_LOC_STRINGS = YES;
				SWIFT_VERSION = 5.0;
				TARGETED_DEVICE_FAMILY = "1,2";
			};
			name = Debug;
		};
		AB193C1029E1FF7C00365AA5 /* Release */ = {
			isa = XCBuildConfiguration;
			buildSettings = {
				ASSETCATALOG_COMPILER_APPICON_NAME = AppIcon;
				ASSETCATALOG_COMPILER_GLOBAL_ACCENT_COLOR_NAME = AccentColor;
				CODE_SIGN_STYLE = Automatic;
				CURRENT_PROJECT_VERSION = 1;
				DEVELOPMENT_ASSET_PATHS = "\"PatelDLTGroupStamps/Preview Content\"";
				DEVELOPMENT_TEAM = 46XAGWCJPW;
				ENABLE_PREVIEWS = YES;
				GENERATE_INFOPLIST_FILE = YES;
				INFOPLIST_KEY_CFBundleDisplayName = Hiplatelics;
				INFOPLIST_KEY_UIApplicationSceneManifest_Generation = YES;
				INFOPLIST_KEY_UIApplicationSupportsIndirectInputEvents = YES;
				INFOPLIST_KEY_UILaunchScreen_Generation = YES;
				INFOPLIST_KEY_UISupportedInterfaceOrientations_iPad = "UIInterfaceOrientationPortrait UIInterfaceOrientationPortraitUpsideDown UIInterfaceOrientationLandscapeLeft UIInterfaceOrientationLandscapeRight";
				INFOPLIST_KEY_UISupportedInterfaceOrientations_iPhone = "UIInterfaceOrientationPortrait UIInterfaceOrientationLandscapeLeft UIInterfaceOrientationLandscapeRight";
				LD_RUNPATH_SEARCH_PATHS = (
					"$(inherited)",
					"@executable_path/Frameworks",
				);
				MARKETING_VERSION = 1.0;
				PRODUCT_BUNDLE_IDENTIFIER = "Crus-Technologies.PatelDLTGroupStamps";
				PRODUCT_NAME = "$(TARGET_NAME)";
				SWIFT_EMIT_LOC_STRINGS = YES;
				SWIFT_VERSION = 5.0;
				TARGETED_DEVICE_FAMILY = "1,2";
			};
			name = Release;
		};
/* End XCBuildConfiguration section */

/* Begin XCConfigurationList section */
		AB193BFB29E1FF7B00365AA5 /* Build configuration list for PBXProject "Hiplatelics" */ = {
			isa = XCConfigurationList;
			buildConfigurations = (
				AB193C0C29E1FF7C00365AA5 /* Debug */,
				AB193C0D29E1FF7C00365AA5 /* Release */,
			);
			defaultConfigurationIsVisible = 0;
			defaultConfigurationName = Release;
		};
		AB193C0E29E1FF7C00365AA5 /* Build configuration list for PBXNativeTarget "Hiplatelics" */ = {
			isa = XCConfigurationList;
			buildConfigurations = (
				AB193C0F29E1FF7C00365AA5 /* Debug */,
				AB193C1029E1FF7C00365AA5 /* Release */,
			);
			defaultConfigurationIsVisible = 0;
			defaultConfigurationName = Release;
		};
/* End XCConfigurationList section */
	};
	rootObject = AB193BF829E1FF7B00365AA5 /* Project object */;
}
